
Microsoft Visual Studio Solution File, Format Version 12.00
# Visual Studio Version 17
VisualStudioVersion = 17.13.36105.23
MinimumVisualStudioVersion = 10.0.40219.1
Project("{FAE04EC0-301F-11D3-BF4B-00C04F79EFBC}") = "FrontEnd", "FrontEnd\FrontEnd\FrontEnd.csproj", "{D897CA9A-1D31-CEDD-21E9-D96803509045}"
EndProject
Project("{FAE04EC0-301F-11D3-BF4B-00C04F79EFBC}") = "AdminService", "Services\AdminService\AdminService.csproj", "{E731CD7F-45D1-4D49-8C8B-27BC07E5EBC8}"
EndProject
Project("{FAE04EC0-301F-11D3-BF4B-00C04F79EFBC}") = "ProjectService", "Services\ProjectService\ProjectService.csproj", "{D1EA0C25-9A49-9F04-09E6-FB71B8B28BD7}"
EndProject
Project("{FAE04EC0-301F-11D3-BF4B-00C04F79EFBC}") = "PhotographyService", "Services\PhotographyService\PhotographyService.csproj", "{7F2D4D97-1E4E-4C70-8F6B-D64E7DA997F6}"
EndProject
Project("{FAE04EC0-301F-11D3-BF4B-00C04F79EFBC}") = "VideographyService", "Services\VideographyService\VideographyService.csproj", "{79959773-57DF-463A-A596-1EC3AEC02193}"
EndProject
Project("{FAE04EC0-301F-11D3-BF4B-00C04F79EFBC}") = "SubscriptionService", "Services\SubscriptionService\SubscriptionService.csproj", "{FEED2552-42DC-4F1A-B5BD-CDB8E033201F}"
EndProject
Global
	GlobalSection(SolutionConfigurationPlatforms) = preSolution
		Debug|Any CPU = Debug|Any CPU
		Release|Any CPU = Release|Any CPU
	EndGlobalSection
	GlobalSection(ProjectConfigurationPlatforms) = postSolution
		{D897CA9A-1D31-CEDD-21E9-D96803509045}.Debug|Any CPU.ActiveCfg = Debug|Any CPU
		{D897CA9A-1D31-CEDD-21E9-D96803509045}.Debug|Any CPU.Build.0 = Debug|Any CPU
		{D897CA9A-1D31-CEDD-21E9-D96803509045}.Release|Any CPU.ActiveCfg = Release|Any CPU
		{D897CA9A-1D31-CEDD-21E9-D96803509045}.Release|Any CPU.Build.0 = Release|Any CPU
		{E731CD7F-45D1-4D49-8C8B-27BC07E5EBC8}.Debug|Any CPU.ActiveCfg = Debug|Any CPU
		{E731CD7F-45D1-4D49-8C8B-27BC07E5EBC8}.Debug|Any CPU.Build.0 = Debug|Any CPU
		{E731CD7F-45D1-4D49-8C8B-27BC07E5EBC8}.Release|Any CPU.ActiveCfg = Release|Any CPU
		{E731CD7F-45D1-4D49-8C8B-27BC07E5EBC8}.Release|Any CPU.Build.0 = Release|Any CPU
		{D1EA0C25-9A49-9F04-09E6-FB71B8B28BD7}.Debug|Any CPU.ActiveCfg = Debug|Any CPU
		{D1EA0C25-9A49-9F04-09E6-FB71B8B28BD7}.Debug|Any CPU.Build.0 = Debug|Any CPU
		{D1EA0C25-9A49-9F04-09E6-FB71B8B28BD7}.Release|Any CPU.ActiveCfg = Release|Any CPU
		{D1EA0C25-9A49-9F04-09E6-FB71B8B28BD7}.Release|Any CPU.Build.0 = Release|Any CPU
		{7F2D4D97-1E4E-4C70-8F6B-D64E7DA997F6}.Debug|Any CPU.ActiveCfg = Debug|Any CPU
		{7F2D4D97-1E4E-4C70-8F6B-D64E7DA997F6}.Debug|Any CPU.Build.0 = Debug|Any CPU
		{7F2D4D97-1E4E-4C70-8F6B-D64E7DA997F6}.Release|Any CPU.ActiveCfg = Release|Any CPU
		{7F2D4D97-1E4E-4C70-8F6B-D64E7DA997F6}.Release|Any CPU.Build.0 = Release|Any CPU
		{79959773-57DF-463A-A596-1EC3AEC02193}.Debug|Any CPU.ActiveCfg = Debug|Any CPU
		{79959773-57DF-463A-A596-1EC3AEC02193}.Debug|Any CPU.Build.0 = Debug|Any CPU
		{79959773-57DF-463A-A596-1EC3AEC02193}.Release|Any CPU.ActiveCfg = Release|Any CPU
		{79959773-57DF-463A-A596-1EC3AEC02193}.Release|Any CPU.Build.0 = Release|Any CPU
		{FEED2552-42DC-4F1A-B5BD-CDB8E033201F}.Debug|Any CPU.ActiveCfg = Debug|Any CPU
		{FEED2552-42DC-4F1A-B5BD-CDB8E033201F}.Debug|Any CPU.Build.0 = Debug|Any CPU
		{FEED2552-42DC-4F1A-B5BD-CDB8E033201F}.Release|Any CPU.ActiveCfg = Release|Any CPU
		{FEED2552-42DC-4F1A-B5BD-CDB8E033201F}.Release|Any CPU.Build.0 = Release|Any CPU
	EndGlobalSection
	GlobalSection(SolutionProperties) = preSolution
		HideSolutionNode = FALSE
	EndGlobalSection
	GlobalSection(ExtensibilityGlobals) = postSolution
		SolutionGuid = {77CEF8FB-35C7-4FFF-AB18-64E83B75AFB2}
	EndGlobalSection
EndGlobal
